
Microsoft Visual Studio Solution File, Format Version 12.00
# Visual Studio Version 17
VisualStudioVersion = 17.9.34607.119
MinimumVisualStudioVersion = 10.0.40219.1
Project("{8BC9CEB8-8B4A-11D0-8D11-00A0C91BC942}") = "DocumentClass", "DocumentClass.vcxproj", "{0DE944A5-DD61-4AC9-B5F4-56681963B3FC}"
EndProject
Global
	GlobalSection(SolutionConfigurationPlatforms) = preSolution
		Debug|x64 = Debug|x64
		Debug|x86 = Debug|x86
		Release|x64 = Release|x64
		Release|x86 = Release|x86
	EndGlobalSection
	GlobalSection(ProjectConfigurationPlatforms) = postSolution
		{0DE944A5-DD61-4AC9-B5F4-56681963B3FC}.Debug|x64.ActiveCfg = Debug|x64
		{0DE944A5-DD61-4AC9-B5F4-56681963B3FC}.Debug|x64.Build.0 = Debug|x64
		{0DE944A5-DD61-4AC9-B5F4-56681963B3FC}.Debug|x86.ActiveCfg = Debug|Win32
		{0DE944A5-DD61-4AC9-B5F4-56681963B3FC}.Debug|x86.Build.0 = Debug|Win32
		{0DE944A5-DD61-4AC9-B5F4-56681963B3FC}.Release|x64.ActiveCfg = Release|x64
		{0DE944A5-DD61-4AC9-B5F4-56681963B3FC}.Release|x64.Build.0 = Release|x64
		{0DE944A5-DD61-4AC9-B5F4-56681963B3FC}.Release|x86.ActiveCfg = Release|Win32
		{0DE944A5-DD61-4AC9-B5F4-56681963B3FC}.Release|x86.Build.0 = Release|Win32
	EndGlobalSection
	GlobalSection(SolutionProperties) = preSolution
		HideSolutionNode = FALSE
	EndGlobalSection
	GlobalSection(ExtensibilityGlobals) = postSolution
		SolutionGuid = {95B32ED3-2536-411C-95BB-A932723F0A1D}
	EndGlobalSection
EndGlobal
